// !$*UTF8*$!
{
	archiveVersion = 1;
	classes = {
	};
	objectVersion = 46;
	objects = {

/* Begin PBXBuildFile section */
		D272AF8F1F5459DF00B7C5EE /* AppDelegate.swift in Sources */ = {isa = PBXBuildFile; fileRef = D272AF8E1F5459DF00B7C5EE /* AppDelegate.swift */; };
		D272AF911F5459DF00B7C5EE /* ViewController.swift in Sources */ = {isa = PBXBuildFile; fileRef = D272AF901F5459DF00B7C5EE /* ViewController.swift */; };
		D272AF941F5459DF00B7C5EE /* Main.storyboard in Resources */ = {isa = PBXBuildFile; fileRef = D272AF921F5459DF00B7C5EE /* Main.storyboard */; };
		D272AF961F5459DF00B7C5EE /* Assets.xcassets in Resources */ = {isa = PBXBuildFile; fileRef = D272AF951F5459DF00B7C5EE /* Assets.xcassets */; };
		D272AF991F5459DF00B7C5EE /* LaunchScreen.storyboard in Resources */ = {isa = PBXBuildFile; fileRef = D272AF971F5459DF00B7C5EE /* LaunchScreen.storyboard */; };
/* End PBXBuildFile section */

/* Begin PBXFileReference section */
		D272AF8B1F5459DF00B7C5EE /* 4_42_Miracle_Pills.app */ = {isa = PBXFileReference; explicitFileType = wrapper.application; includeInIndex = 0; path = 4_42_Miracle_Pills.app; sourceTree = BUILT_PRODUCTS_DIR; };
		D272AF8E1F5459DF00B7C5EE /* AppDelegate.swift */ = {isa = PBXFileReference; lastKnownFileType = sourcecode.swift; path = AppDelegate.swift; sourceTree = "<group>"; };
		D272AF901F5459DF00B7C5EE /* ViewController.swift */ = {isa = PBXFileReference; lastKnownFileType = sourcecode.swift; path = ViewController.swift; sourceTree = "<group>"; };
		D272AF931F5459DF00B7C5EE /* Base */ = {isa = PBXFileReference; lastKnownFileType = file.storyboard; name = Base; path = Base.lproj/Main.storyboard; sourceTree = "<group>"; };
		D272AF951F5459DF00B7C5EE /* Assets.xcassets */ = {isa = PBXFileReference; lastKnownFileType = folder.assetcatalog; path = Assets.xcassets; sourceTree = "<group>"; };
		D272AF981F5459DF00B7C5EE /* Base */ = {isa = PBXFileReference; lastKnownFileType = file.storyboard; name = Base; path = Base.lproj/LaunchScreen.storyboard; sourceTree = "<group>"; };
		D272AF9A1F5459DF00B7C5EE /* Info.plist */ = {isa = PBXFileReference; lastKnownFileType = text.plist.xml; path = Info.plist; sourceTree = "<group>"; };
/* End PBXFileReference section */

/* Begin PBXFrameworksBuildPhase section */
		D272AF881F5459DF00B7C5EE /* Frameworks */ = {
			isa = PBXFrameworksBuildPhase;
			buildActionMask = 2147483647;
			files = (
			);
			runOnlyForDeploymentPostprocessing = 0;
		};
/* End PBXFrameworksBuildPhase section */

/* Begin PBXGroup section */
		D272AF821F5459DF00B7C5EE = {
			isa = PBXGroup;
			children = (
				D272AF8D1F5459DF00B7C5EE /* 4_42_Miracle_Pills */,
				D272AF8C1F5459DF00B7C5EE /* Products */,
			);
			sourceTree = "<group>";
		};
		D272AF8C1F5459DF00B7C5EE /* Products */ = {
			isa = PBXGroup;
			children = (
				D272AF8B1F5459DF00B7C5EE /* 4_42_Miracle_Pills.app */,
			);
			name = Products;
			sourceTree = "<group>";
		};
		D272AF8D1F5459DF00B7C5EE /* 4_42_Miracle_Pills */ = {
			isa = PBXGroup;
			children = (
				D272AF8E1F5459DF00B7C5EE /* AppDelegate.swift */,
				D272AF901F5459DF00B7C5EE /* ViewController.swift */,
				D272AF921F5459DF00B7C5EE /* Main.storyboard */,
				D272AF951F5459DF00B7C5EE /* Assets.xcassets */,
				D272AF971F5459DF00B7C5EE /* LaunchScreen.storyboard */,
				D272AF9A1F5459DF00B7C5EE /* Info.plist */,
			);
			path = 4_42_Miracle_Pills;
			sourceTree = "<group>";
		};
/* End PBXGroup section */

/* Begin PBXNativeTarget section */
		D272AF8A1F5459DF00B7C5EE /* 4_42_Miracle_Pills */ = {
			isa = PBXNativeTarget;
			buildConfigurationList = D272AF9D1F5459DF00B7C5EE /* Build configuration list for PBXNativeTarget "4_42_Miracle_Pills" */;
			buildPhases = (
				D272AF871F5459DF00B7C5EE /* Sources */,
				D272AF881F5459DF00B7C5EE /* Frameworks */,
				D272AF891F5459DF00B7C5EE /* Resources */,
			);
			buildRules = (
			);
			dependencies = (
			);
			name = 4_42_Miracle_Pills;
			productName = 4_42_Miracle_Pills;
			productReference = D272AF8B1F5459DF00B7C5EE /* 4_42_Miracle_Pills.app */;
			productType = "com.apple.product-type.application";
		};
/* End PBXNativeTarget section */

/* Begin PBXProject section */
		D272AF831F5459DF00B7C5EE /* Project object */ = {
			isa = PBXProject;
			attributes = {
				LastSwiftUpdateCheck = 0830;
				LastUpgradeCheck = 0830;
				ORGANIZATIONNAME = "Minh The";
				TargetAttributes = {
					D272AF8A1F5459DF00B7C5EE = {
						CreatedOnToolsVersion = 8.3.3;
						ProvisioningStyle = Automatic;
					};
				};
			};
			buildConfigurationList = D272AF861F5459DF00B7C5EE /* Build configuration list for PBXProject "4_42_Miracle_Pills" */;
			compatibilityVersion = "Xcode 3.2";
			developmentRegion = English;
			hasScannedForEncodings = 0;
			knownRegions = (
				en,
				Base,
			);
			mainGroup = D272AF821F5459DF00B7C5EE;
			productRefGroup = D272AF8C1F5459DF00B7C5EE /* Products */;
			projectDirPath = "";
			projectRoot = "";
			targets = (
				D272AF8A1F5459DF00B7C5EE /* 4_42_Miracle_Pills */,
			);
		};
/* End PBXProject section */

/* Begin PBXResourcesBuildPhase section */
		D272AF891F5459DF00B7C5EE /* Resources */ = {
			isa = PBXResourcesBuildPhase;
			buildActionMask = 2147483647;
			files = (
				D272AF991F5459DF00B7C5EE /* LaunchScreen.storyboard in Resources */,
				D272AF961F5459DF00B7C5EE /* Assets.xcassets in Resources */,
				D272AF941F5459DF00B7C5EE /* Main.storyboard in Resources */,
			);
			runOnlyForDeploymentPostprocessing = 0;
		};
/* End PBXResourcesBuildPhase section */

/* Begin PBXSourcesBuildPhase section */
		D272AF871F5459DF00B7C5EE /* Sources */ = {
			isa = PBXSourcesBuildPhase;
			buildActionMask = 2147483647;
			files = (
				D272AF911F5459DF00B7C5EE /* ViewController.swift in Sources */,
				D272AF8F1F5459DF00B7C5EE /* AppDelegate.swift in Sources */,
			);
			runOnlyForDeploymentPostprocessing = 0;
		};
/* End PBXSourcesBuildPhase section */

/* Begin PBXVariantGroup section */
		D272AF921F5459DF00B7C5EE /* Main.storyboard */ = {
			isa = PBXVariantGroup;
			children = (
				D272AF931F5459DF00B7C5EE /* Base */,
			);
			name = Main.storyboard;
			sourceTree = "<group>";
		};
		D272AF971F5459DF00B7C5EE /* LaunchScreen.storyboard */ = {
			isa = PBXVariantGroup;
			children = (
				D272AF981F5459DF00B7C5EE /* Base */,
			);
			name = LaunchScreen.storyboard;
			sourceTree = "<group>";
		};
/* End PBXVariantGroup section */

/* Begin XCBuildConfiguration section */
		D272AF9B1F5459DF00B7C5EE /* Debug */ = {
			isa = XCBuildConfiguration;
			buildSettings = {
				ALWAYS_SEARCH_USER_PATHS = NO;
				CLANG_ANALYZER_NONNULL = YES;
				CLANG_ANALYZER_NUMBER_OBJECT_CONVERSION = YES_AGGRESSIVE;
				CLANG_CXX_LANGUAGE_STANDARD = "gnu++0x";
				CLANG_CXX_LIBRARY = "libc++";
				CLANG_ENABLE_MODULES = YES;
				CLANG_ENABLE_OBJC_ARC = YES;
				CLANG_WARN_BOOL_CONVERSION = YES;
				CLANG_WARN_CONSTANT_CONVERSION = YES;
				CLANG_WARN_DIRECT_OBJC_ISA_USAGE = YES_ERROR;
				CLANG_WARN_DOCUMENTATION_COMMENTS = YES;
				CLANG_WARN_EMPTY_BODY = YES;
				CLANG_WARN_ENUM_CONVERSION = YES;
				CLANG_WARN_INFINITE_RECURSION = YES;
				CLANG_WARN_INT_CONVERSION = YES;
				CLANG_WARN_OBJC_ROOT_CLASS = YES_ERROR;
				CLANG_WARN_SUSPICIOUS_MOVE = YES;
				CLANG_WARN_UNREACHABLE_CODE = YES;
				CLANG_WARN__DUPLICATE_METHOD_MATCH = YES;
				"CODE_SIGN_IDENTITY[sdk=iphoneos*]" = "iPhone Developer";
				COPY_PHASE_STRIP = NO;
				DEBUG_INFORMATION_FORMAT = dwarf;
				ENABLE_STRICT_OBJC_MSGSEND = YES;
				ENABLE_TESTABILITY = YES;
				GCC_C_LANGUAGE_STANDARD = gnu99;
				GCC_DYNAMIC_NO_PIC = NO;
				GCC_NO_COMMON_BLOCKS = YES;
				GCC_OPTIMIZATION_LEVEL = 0;
				GCC_PREPROCESSOR_DEFINITIONS = (
					"DEBUG=1",
					"$(inherited)",
				);
				GCC_WARN_64_TO_32_BIT_CONVERSION = YES;
				GCC_WARN_ABOUT_RETURN_TYPE = YES_ERROR;
				GCC_WARN_UNDECLARED_SELECTOR = YES;
				GCC_WARN_UNINITIALIZED_AUTOS = YES_AGGRESSIVE;
				GCC_WARN_UNUSED_FUNCTION = YES;
				GCC_WARN_UNUSED_VARIABLE = YES;
				IPHONEOS_DEPLOYMENT_TARGET = 10.3;
				MTL_ENABLE_DEBUG_INFO = YES;
				ONLY_ACTIVE_ARCH = YES;
				SDKROOT = iphoneos;
				SWIFT_ACTIVE_COMPILATION_CONDITIONS = DEBUG;
				SWIFT_OPTIMIZATION_LEVEL = "-Onone";
				TARGETED_DEVICE_FAMILY = "1,2";
			};
			name = Debug;
		};
		D272AF9C1F5459DF00B7C5EE /* Release */ = {
			isa = XCBuildConfiguration;
			buildSettings = {
				ALWAYS_SEARCH_USER_PATHS = NO;
				CLANG_ANALYZER_NONNULL = YES;
				CLANG_ANALYZER_NUMBER_OBJECT_CONVERSION = YES_AGGRESSIVE;
				CLANG_CXX_LANGUAGE_STANDARD = "gnu++0x";
				CLANG_CXX_LIBRARY = "libc++";
				CLANG_ENABLE_MODULES = YES;
				CLANG_ENABLE_OBJC_ARC = YES;
				CLANG_WARN_BOOL_CONVERSION = YES;
				CLANG_WARN_CONSTANT_CONVERSION = YES;
				CLANG_WARN_DIRECT_OBJC_ISA_USAGE = YES_ERROR;
				CLANG_WARN_DOCUMENTATION_COMMENTS = YES;
				CLANG_WARN_EMPTY_BODY = YES;
				CLANG_WARN_ENUM_CONVERSION = YES;
				CLANG_WARN_INFINITE_RECURSION = YES;
				CLANG_WARN_INT_CONVERSION = YES;
				CLANG_WARN_OBJC_ROOT_CLASS = YES_ERROR;
				CLANG_WARN_SUSPICIOUS_MOVE = YES;
				CLANG_WARN_UNREACHABLE_CODE = YES;
				CLANG_WARN__DUPLICATE_METHOD_MATCH = YES;
				"CODE_SIGN_IDENTITY[sdk=iphoneos*]" = "iPhone Developer";
				COPY_PHASE_STRIP = NO;
				DEBUG_INFORMATION_FORMAT = "dwarf-with-dsym";
				ENABLE_NS_ASSERTIONS = NO;
				ENABLE_STRICT_OBJC_MSGSEND = YES;
				GCC_C_LANGUAGE_STANDARD = gnu99;
				GCC_NO_COMMON_BLOCKS = YES;
				GCC_WARN_64_TO_32_BIT_CONVERSION = YES;
				GCC_WARN_ABOUT_RETURN_TYPE = YES_ERROR;
				GCC_WARN_UNDECLARED_SELECTOR = YES;
				GCC_WARN_UNINITIALIZED_AUTOS = YES_AGGRESSIVE;
				GCC_WARN_UNUSED_FUNCTION = YES;
				GCC_WARN_UNUSED_VARIABLE = YES;
				IPHONEOS_DEPLOYMENT_TARGET = 10.3;
				MTL_ENABLE_DEBUG_INFO = NO;
				SDKROOT = iphoneos;
				SWIFT_OPTIMIZATION_LEVEL = "-Owholemodule";
				TARGETED_DEVICE_FAMILY = "1,2";
				VALIDATE_PRODUCT = YES;
			};
			name = Release;
		};
		D272AF9E1F5459DF00B7C5EE /* Debug */ = {
			isa = XCBuildConfiguration;
			buildSettings = {
				ASSETCATALOG_COMPILER_APPICON_NAME = AppIcon;
				INFOPLIST_FILE = 4_42_Miracle_Pills/Info.plist;
				LD_RUNPATH_SEARCH_PATHS = "$(inherited) @executable_path/Frameworks";
				PRODUCT_BUNDLE_IDENTIFIER = "Minh-The.--42-Miracle-Pills";
				PRODUCT_NAME = "$(TARGET_NAME)";
				SWIFT_VERSION = 3.0;
			};
			name = Debug;
		};
		D272AF9F1F5459DF00B7C5EE /* Release */ = {
			isa = XCBuildConfiguration;
			buildSettings = {
				ASSETCATALOG_COMPILER_APPICON_NAME = AppIcon;
				INFOPLIST_FILE = 4_42_Miracle_Pills/Info.plist;
				LD_RUNPATH_SEARCH_PATHS = "$(inherited) @executable_path/Frameworks";
				PRODUCT_BUNDLE_IDENTIFIER = "Minh-The.--42-Miracle-Pills";
				PRODUCT_NAME = "$(TARGET_NAME)";
				SWIFT_VERSION = 3.0;
			};
			name = Release;
		};
/* End XCBuildConfiguration section */

/* Begin XCConfigurationList section */
		D272AF861F5459DF00B7C5EE /* Build configuration list for PBXProject "4_42_Miracle_Pills" */ = {
			isa = XCConfigurationList;
			buildConfigurations = (
				D272AF9B1F5459DF00B7C5EE /* Debug */,
				D272AF9C1F5459DF00B7C5EE /* Release */,
			);
			defaultConfigurationIsVisible = 0;
			defaultConfigurationName = Release;
		};
		D272AF9D1F5459DF00B7C5EE /* Build configuration list for PBXNativeTarget "4_42_Miracle_Pills" */ = {
			isa = XCConfigurationList;
			buildConfigurations = (
				D272AF9E1F5459DF00B7C5EE /* Debug */,
				D272AF9F1F5459DF00B7C5EE /* Release */,
			);
			defaultConfigurationIsVisible = 0;
		};
/* End XCConfigurationList section */
	};
	rootObject = D272AF831F5459DF00B7C5EE /* Project object */;
}
